PODS:
  - Flutter (1.0.0)
  - Intercom (8.1.0)
  - intercom_flutter (2.3.2):
    - Flutter
    - Intercom (~> 8.1.0)

DEPENDENCIES:
  - Flutter (from `Flutter`)
  - intercom_flutter (from `.symlinks/plugins/intercom_flutter/ios`)

SPEC REPOS:
  trunk:
    - Intercom

EXTERNAL SOURCES:
  Flutter:
    :path: Flutter
  intercom_flutter:
    :path: ".symlinks/plugins/intercom_flutter/ios"

SPEC CHECKSUMS:
  Flutter: 0e3d915762c693b495b44d77113d4970485de6ec
  Intercom: a6e31800c84278b883205b9473f32e98e6774f85
  intercom_flutter: 045d5e435b070fa5d3d98bf739b644073401b258

PODFILE CHECKSUM: fe0e1ee7f3d1f7d00b11b474b62dd62134535aea

COCOAPODS: 1.9.3
